// !$*UTF8*$!
{
	archiveVersion = 1;
	classes = {
	};
	objectVersion = 46;
	objects = {

/* Begin PBXBuildFile section */
		DD6CE3EA1EAA50A2007BB91F /* ListTableViewCell.swift in Sources */ = {isa = PBXBuildFile; fileRef = DD6CE3E81EAA50A2007BB91F /* ListTableViewCell.swift */; };
		DD6CE3EB1EAA50A2007BB91F /* ListTableViewCell.xib in Resources */ = {isa = PBXBuildFile; fileRef = DD6CE3E91EAA50A2007BB91F /* ListTableViewCell.xib */; };
		DD6CE3ED1EAA5B6A007BB91F /* icon.png in Resources */ = {isa = PBXBuildFile; fileRef = DD6CE3EC1EAA5B6A007BB91F /* icon.png */; };
		DD9C86F61EA7C9D100652B3B /* AppDelegate.swift in Sources */ = {isa = PBXBuildFile; fileRef = DD9C86F51EA7C9D100652B3B /* AppDelegate.swift */; };
		DD9C86F81EA7C9D100652B3B /* ViewController.swift in Sources */ = {isa = PBXBuildFile; fileRef = DD9C86F71EA7C9D100652B3B /* ViewController.swift */; };
		DD9C86FB1EA7C9D100652B3B /* Main.storyboard in Resources */ = {isa = PBXBuildFile; fileRef = DD9C86F91EA7C9D100652B3B /* Main.storyboard */; };
		DD9C86FD1EA7C9D100652B3B /* Assets.xcassets in Resources */ = {isa = PBXBuildFile; fileRef = DD9C86FC1EA7C9D100652B3B /* Assets.xcassets */; };
		DD9C87001EA7C9D100652B3B /* LaunchScreen.storyboard in Resources */ = {isa = PBXBuildFile; fileRef = DD9C86FE1EA7C9D100652B3B /* LaunchScreen.storyboard */; };
		DD9C870B1EA7C9D100652B3B /* WordTests.swift in Sources */ = {isa = PBXBuildFile; fileRef = DD9C870A1EA7C9D100652B3B /* WordTests.swift */; };
		DD9C87161EA7C9D100652B3B /* WordUITests.swift in Sources */ = {isa = PBXBuildFile; fileRef = DD9C87151EA7C9D100652B3B /* WordUITests.swift */; };
		DD9C872B1EA7CA0400652B3B /* Default-568h@2x.png in Resources */ = {isa = PBXBuildFile; fileRef = DD9C87251EA7CA0400652B3B /* Default-568h@2x.png */; };
		DD9C872C1EA7CA0400652B3B /* Default-667h@2x.png in Resources */ = {isa = PBXBuildFile; fileRef = DD9C87261EA7CA0400652B3B /* Default-667h@2x.png */; };
		DD9C872D1EA7CA0400652B3B /* Default-736h@3x.png in Resources */ = {isa = PBXBuildFile; fileRef = DD9C87271EA7CA0400652B3B /* Default-736h@3x.png */; };
		DD9C872E1EA7CA0400652B3B /* fin.png in Resources */ = {isa = PBXBuildFile; fileRef = DD9C87281EA7CA0400652B3B /* fin.png */; };
		DD9C872F1EA7CA0400652B3B /* title_logo.png in Resources */ = {isa = PBXBuildFile; fileRef = DD9C87291EA7CA0400652B3B /* title_logo.png */; };
		DD9C87301EA7CA0400652B3B /* word_blank.png in Resources */ = {isa = PBXBuildFile; fileRef = DD9C872A1EA7CA0400652B3B /* word_blank.png */; };
		DD9C87321EA7CD6C00652B3B /* QuestionViewController.swift in Sources */ = {isa = PBXBuildFile; fileRef = DD9C87311EA7CD6C00652B3B /* QuestionViewController.swift */; };
		DD9C87341EA7CD9900652B3B /* FinishViewController.swift in Sources */ = {isa = PBXBuildFile; fileRef = DD9C87331EA7CD9900652B3B /* FinishViewController.swift */; };
		DD9C87361EA7CDB300652B3B /* AddViewController.swift in Sources */ = {isa = PBXBuildFile; fileRef = DD9C87351EA7CDB300652B3B /* AddViewController.swift */; };
		DD9C87381EA7CDDE00652B3B /* ListTableViewController.swift in Sources */ = {isa = PBXBuildFile; fileRef = DD9C87371EA7CDDE00652B3B /* ListTableViewController.swift */; };
/* End PBXBuildFile section */

/* Begin PBXContainerItemProxy section */
		DD9C87071EA7C9D100652B3B /* PBXContainerItemProxy */ = {
			isa = PBXContainerItemProxy;
			containerPortal = DD9C86EA1EA7C9D000652B3B /* Project object */;
			proxyType = 1;
			remoteGlobalIDString = DD9C86F11EA7C9D100652B3B;
			remoteInfo = Word;
		};
		DD9C87121EA7C9D100652B3B /* PBXContainerItemProxy */ = {
			isa = PBXContainerItemProxy;
			containerPortal = DD9C86EA1EA7C9D000652B3B /* Project object */;
			proxyType = 1;
			remoteGlobalIDString = DD9C86F11EA7C9D100652B3B;
			remoteInfo = Word;
		};
/* End PBXContainerItemProxy section */

/* Begin PBXFileReference section */
		DD6CE3E81EAA50A2007BB91F /* ListTableViewCell.swift */ = {isa = PBXFileReference; fileEncoding = 4; lastKnownFileType = sourcecode.swift; path = ListTableViewCell.swift; sourceTree = "<group>"; };
		DD6CE3E91EAA50A2007BB91F /* ListTableViewCell.xib */ = {isa = PBXFileReference; fileEncoding = 4; lastKnownFileType = file.xib; path = ListTableViewCell.xib; sourceTree = "<group>"; };
		DD6CE3EC1EAA5B6A007BB91F /* icon.png */ = {isa = PBXFileReference; lastKnownFileType = image.png; path = icon.png; sourceTree = "<group>"; };
		DD9C86F21EA7C9D100652B3B /* Word.app */ = {isa = PBXFileReference; explicitFileType = wrapper.application; includeInIndex = 0; path = Word.app; sourceTree = BUILT_PRODUCTS_DIR; };
		DD9C86F51EA7C9D100652B3B /* AppDelegate.swift */ = {isa = PBXFileReference; lastKnownFileType = sourcecode.swift; path = AppDelegate.swift; sourceTree = "<group>"; };
		DD9C86F71EA7C9D100652B3B /* ViewController.swift */ = {isa = PBXFileReference; lastKnownFileType = sourcecode.swift; path = ViewController.swift; sourceTree = "<group>"; };
		DD9C86FA1EA7C9D100652B3B /* Base */ = {isa = PBXFileReference; lastKnownFileType = file.storyboard; name = Base; path = Base.lproj/Main.storyboard; sourceTree = "<group>"; };
		DD9C86FC1EA7C9D100652B3B /* Assets.xcassets */ = {isa = PBXFileReference; lastKnownFileType = folder.assetcatalog; path = Assets.xcassets; sourceTree = "<group>"; };
		DD9C86FF1EA7C9D100652B3B /* Base */ = {isa = PBXFileReference; lastKnownFileType = file.storyboard; name = Base; path = Base.lproj/LaunchScreen.storyboard; sourceTree = "<group>"; };
		DD9C87011EA7C9D100652B3B /* Info.plist */ = {isa = PBXFileReference; lastKnownFileType = text.plist.xml; path = Info.plist; sourceTree = "<group>"; };
		DD9C87061EA7C9D100652B3B /* WordTests.xctest */ = {isa = PBXFileReference; explicitFileType = wrapper.cfbundle; includeInIndex = 0; path = WordTests.xctest; sourceTree = BUILT_PRODUCTS_DIR; };
		DD9C870A1EA7C9D100652B3B /* WordTests.swift */ = {isa = PBXFileReference; lastKnownFileType = sourcecode.swift; path = WordTests.swift; sourceTree = "<group>"; };
		DD9C870C1EA7C9D100652B3B /* Info.plist */ = {isa = PBXFileReference; lastKnownFileType = text.plist.xml; path = Info.plist; sourceTree = "<group>"; };
		DD9C87111EA7C9D100652B3B /* WordUITests.xctest */ = {isa = PBXFileReference; explicitFileType = wrapper.cfbundle; includeInIndex = 0; path = WordUITests.xctest; sourceTree = BUILT_PRODUCTS_DIR; };
		DD9C87151EA7C9D100652B3B /* WordUITests.swift */ = {isa = PBXFileReference; lastKnownFileType = sourcecode.swift; path = WordUITests.swift; sourceTree = "<group>"; };
		DD9C87171EA7C9D100652B3B /* Info.plist */ = {isa = PBXFileReference; lastKnownFileType = text.plist.xml; path = Info.plist; sourceTree = "<group>"; };
		DD9C87251EA7CA0400652B3B /* Default-568h@2x.png */ = {isa = PBXFileReference; lastKnownFileType = image.png; path = "Default-568h@2x.png"; sourceTree = "<group>"; };
		DD9C87261EA7CA0400652B3B /* Default-667h@2x.png */ = {isa = PBXFileReference; lastKnownFileType = image.png; path = "Default-667h@2x.png"; sourceTree = "<group>"; };
		DD9C87271EA7CA0400652B3B /* Default-736h@3x.png */ = {isa = PBXFileReference; lastKnownFileType = image.png; path = "Default-736h@3x.png"; sourceTree = "<group>"; };
		DD9C87281EA7CA0400652B3B /* fin.png */ = {isa = PBXFileReference; lastKnownFileType = image.png; path = fin.png; sourceTree = "<group>"; };
		DD9C87291EA7CA0400652B3B /* title_logo.png */ = {isa = PBXFileReference; lastKnownFileType = image.png; path = title_logo.png; sourceTree = "<group>"; };
		DD9C872A1EA7CA0400652B3B /* word_blank.png */ = {isa = PBXFileReference; lastKnownFileType = image.png; path = word_blank.png; sourceTree = "<group>"; };
		DD9C87311EA7CD6C00652B3B /* QuestionViewController.swift */ = {isa = PBXFileReference; fileEncoding = 4; lastKnownFileType = sourcecode.swift; path = QuestionViewController.swift; sourceTree = "<group>"; };
		DD9C87331EA7CD9900652B3B /* FinishViewController.swift */ = {isa = PBXFileReference; fileEncoding = 4; lastKnownFileType = sourcecode.swift; path = FinishViewController.swift; sourceTree = "<group>"; };
		DD9C87351EA7CDB300652B3B /* AddViewController.swift */ = {isa = PBXFileReference; fileEncoding = 4; lastKnownFileType = sourcecode.swift; path = AddViewController.swift; sourceTree = "<group>"; };
		DD9C87371EA7CDDE00652B3B /* ListTableViewController.swift */ = {isa = PBXFileReference; fileEncoding = 4; lastKnownFileType = sourcecode.swift; path = ListTableViewController.swift; sourceTree = "<group>"; };
/* End PBXFileReference section */

/* Begin PBXFrameworksBuildPhase section */
		DD9C86EF1EA7C9D100652B3B /* Frameworks */ = {
			isa = PBXFrameworksBuildPhase;
			buildActionMask = 2147483647;
			files = (
			);
			runOnlyForDeploymentPostprocessing = 0;
		};
		DD9C87031EA7C9D100652B3B /* Frameworks */ = {
			isa = PBXFrameworksBuildPhase;
			buildActionMask = 2147483647;
			files = (
			);
			runOnlyForDeploymentPostprocessing = 0;
		};
		DD9C870E1EA7C9D100652B3B /* Frameworks */ = {
			isa = PBXFrameworksBuildPhase;
			buildActionMask = 2147483647;
			files = (
			);
			runOnlyForDeploymentPostprocessing = 0;
		};
/* End PBXFrameworksBuildPhase section */

/* Begin PBXGroup section */
		DD9C86E91EA7C9D000652B3B = {
			isa = PBXGroup;
			children = (
				DD9C86F41EA7C9D100652B3B /* Word */,
				DD9C87091EA7C9D100652B3B /* WordTests */,
				DD9C87141EA7C9D100652B3B /* WordUITests */,
				DD9C86F31EA7C9D100652B3B /* Products */,
			);
			sourceTree = "<group>";
		};
		DD9C86F31EA7C9D100652B3B /* Products */ = {
			isa = PBXGroup;
			children = (
				DD9C86F21EA7C9D100652B3B /* Word.app */,
				DD9C87061EA7C9D100652B3B /* WordTests.xctest */,
				DD9C87111EA7C9D100652B3B /* WordUITests.xctest */,
			);
			name = Products;
			sourceTree = "<group>";
		};
		DD9C86F41EA7C9D100652B3B /* Word */ = {
			isa = PBXGroup;
			children = (
				DD9C87231EA7CA0400652B3B /* WordList素材 */,
				DD9C86F51EA7C9D100652B3B /* AppDelegate.swift */,
				DD9C86F71EA7C9D100652B3B /* ViewController.swift */,
				DD9C86F91EA7C9D100652B3B /* Main.storyboard */,
				DD9C86FC1EA7C9D100652B3B /* Assets.xcassets */,
				DD9C86FE1EA7C9D100652B3B /* LaunchScreen.storyboard */,
				DD9C87011EA7C9D100652B3B /* Info.plist */,
				DD9C87311EA7CD6C00652B3B /* QuestionViewController.swift */,
				DD9C87331EA7CD9900652B3B /* FinishViewController.swift */,
				DD9C87351EA7CDB300652B3B /* AddViewController.swift */,
				DD9C87371EA7CDDE00652B3B /* ListTableViewController.swift */,
				DD6CE3E81EAA50A2007BB91F /* ListTableViewCell.swift */,
				DD6CE3E91EAA50A2007BB91F /* ListTableViewCell.xib */,
			);
			path = Word;
			sourceTree = "<group>";
		};
		DD9C87091EA7C9D100652B3B /* WordTests */ = {
			isa = PBXGroup;
			children = (
				DD9C870A1EA7C9D100652B3B /* WordTests.swift */,
				DD9C870C1EA7C9D100652B3B /* Info.plist */,
			);
			path = WordTests;
			sourceTree = "<group>";
		};
		DD9C87141EA7C9D100652B3B /* WordUITests */ = {
			isa = PBXGroup;
			children = (
				DD9C87151EA7C9D100652B3B /* WordUITests.swift */,
				DD9C87171EA7C9D100652B3B /* Info.plist */,
			);
			path = WordUITests;
			sourceTree = "<group>";
		};
		DD9C87231EA7CA0400652B3B /* WordList素材 */ = {
			isa = PBXGroup;
			children = (
				DD6CE3EC1EAA5B6A007BB91F /* icon.png */,
				DD9C87241EA7CA0400652B3B /* Defaults */,
				DD9C87281EA7CA0400652B3B /* fin.png */,
				DD9C87291EA7CA0400652B3B /* title_logo.png */,
				DD9C872A1EA7CA0400652B3B /* word_blank.png */,
			);
			path = "WordList素材";
			sourceTree = "<group>";
		};
		DD9C87241EA7CA0400652B3B /* Defaults */ = {
			isa = PBXGroup;
			children = (
				DD9C87251EA7CA0400652B3B /* Default-568h@2x.png */,
				DD9C87261EA7CA0400652B3B /* Default-667h@2x.png */,
				DD9C87271EA7CA0400652B3B /* Default-736h@3x.png */,
			);
			path = Defaults;
			sourceTree = "<group>";
		};
/* End PBXGroup section */

/* Begin PBXNativeTarget section */
		DD9C86F11EA7C9D100652B3B /* Word */ = {
			isa = PBXNativeTarget;
			buildConfigurationList = DD9C871A1EA7C9D100652B3B /* Build configuration list for PBXNativeTarget "Word" */;
			buildPhases = (
				DD9C86EE1EA7C9D100652B3B /* Sources */,
				DD9C86EF1EA7C9D100652B3B /* Frameworks */,
				DD9C86F01EA7C9D100652B3B /* Resources */,
			);
			buildRules = (
			);
			dependencies = (
			);
			name = Word;
			productName = Word;
			productReference = DD9C86F21EA7C9D100652B3B /* Word.app */;
			productType = "com.apple.product-type.application";
		};
		DD9C87051EA7C9D100652B3B /* WordTests */ = {
			isa = PBXNativeTarget;
			buildConfigurationList = DD9C871D1EA7C9D100652B3B /* Build configuration list for PBXNativeTarget "WordTests" */;
			buildPhases = (
				DD9C87021EA7C9D100652B3B /* Sources */,
				DD9C87031EA7C9D100652B3B /* Frameworks */,
				DD9C87041EA7C9D100652B3B /* Resources */,
			);
			buildRules = (
			);
			dependencies = (
				DD9C87081EA7C9D100652B3B /* PBXTargetDependency */,
			);
			name = WordTests;
			productName = WordTests;
			productReference = DD9C87061EA7C9D100652B3B /* WordTests.xctest */;
			productType = "com.apple.product-type.bundle.unit-test";
		};
		DD9C87101EA7C9D100652B3B /* WordUITests */ = {
			isa = PBXNativeTarget;
			buildConfigurationList = DD9C87201EA7C9D100652B3B /* Build configuration list for PBXNativeTarget "WordUITests" */;
			buildPhases = (
				DD9C870D1EA7C9D100652B3B /* Sources */,
				DD9C870E1EA7C9D100652B3B /* Frameworks */,
				DD9C870F1EA7C9D100652B3B /* Resources */,
			);
			buildRules = (
			);
			dependencies = (
				DD9C87131EA7C9D100652B3B /* PBXTargetDependency */,
			);
			name = WordUITests;
			productName = WordUITests;
			productReference = DD9C87111EA7C9D100652B3B /* WordUITests.xctest */;
			productType = "com.apple.product-type.bundle.ui-testing";
		};
/* End PBXNativeTarget section */

/* Begin PBXProject section */
		DD9C86EA1EA7C9D000652B3B /* Project object */ = {
			isa = PBXProject;
			attributes = {
				LastSwiftUpdateCheck = 0830;
				LastUpgradeCheck = 0830;
				ORGANIZATIONNAME = "柳本宗達";
				TargetAttributes = {
					DD9C86F11EA7C9D100652B3B = {
						CreatedOnToolsVersion = 8.3.1;
						ProvisioningStyle = Automatic;
					};
					DD9C87051EA7C9D100652B3B = {
						CreatedOnToolsVersion = 8.3.1;
						ProvisioningStyle = Automatic;
						TestTargetID = DD9C86F11EA7C9D100652B3B;
					};
					DD9C87101EA7C9D100652B3B = {
						CreatedOnToolsVersion = 8.3.1;
						ProvisioningStyle = Automatic;
						TestTargetID = DD9C86F11EA7C9D100652B3B;
					};
				};
			};
			buildConfigurationList = DD9C86ED1EA7C9D000652B3B /* Build configuration list for PBXProject "Word" */;
			compatibilityVersion = "Xcode 3.2";
			developmentRegion = English;
			hasScannedForEncodings = 0;
			knownRegions = (
				en,
				Base,
			);
			mainGroup = DD9C86E91EA7C9D000652B3B;
			productRefGroup = DD9C86F31EA7C9D100652B3B /* Products */;
			projectDirPath = "";
			projectRoot = "";
			targets = (
				DD9C86F11EA7C9D100652B3B /* Word */,
				DD9C87051EA7C9D100652B3B /* WordTests */,
				DD9C87101EA7C9D100652B3B /* WordUITests */,
			);
		};
/* End PBXProject section */

/* Begin PBXResourcesBuildPhase section */
		DD9C86F01EA7C9D100652B3B /* Resources */ = {
			isa = PBXResourcesBuildPhase;
			buildActionMask = 2147483647;
			files = (
				DD9C87001EA7C9D100652B3B /* LaunchScreen.storyboard in Resources */,
				DD9C872E1EA7CA0400652B3B /* fin.png in Resources */,
				DD9C872B1EA7CA0400652B3B /* Default-568h@2x.png in Resources */,
				DD9C872F1EA7CA0400652B3B /* title_logo.png in Resources */,
				DD9C86FD1EA7C9D100652B3B /* Assets.xcassets in Resources */,
				DD9C87301EA7CA0400652B3B /* word_blank.png in Resources */,
				DD6CE3ED1EAA5B6A007BB91F /* icon.png in Resources */,
				DD9C86FB1EA7C9D100652B3B /* Main.storyboard in Resources */,
				DD9C872C1EA7CA0400652B3B /* Default-667h@2x.png in Resources */,
				DD9C872D1EA7CA0400652B3B /* Default-736h@3x.png in Resources */,
				DD6CE3EB1EAA50A2007BB91F /* ListTableViewCell.xib in Resources */,
			);
			runOnlyForDeploymentPostprocessing = 0;
		};
		DD9C87041EA7C9D100652B3B /* Resources */ = {
			isa = PBXResourcesBuildPhase;
			buildActionMask = 2147483647;
			files = (
			);
			runOnlyForDeploymentPostprocessing = 0;
		};
		DD9C870F1EA7C9D100652B3B /* Resources */ = {
			isa = PBXResourcesBuildPhase;
			buildActionMask = 2147483647;
			files = (
			);
			runOnlyForDeploymentPostprocessing = 0;
		};
/* End PBXResourcesBuildPhase section */

/* Begin PBXSourcesBuildPhase section */
		DD9C86EE1EA7C9D100652B3B /* Sources */ = {
			isa = PBXSourcesBuildPhase;
			buildActionMask = 2147483647;
			files = (
				DD6CE3EA1EAA50A2007BB91F /* ListTableViewCell.swift in Sources */,
				DD9C87361EA7CDB300652B3B /* AddViewController.swift in Sources */,
				DD9C86F81EA7C9D100652B3B /* ViewController.swift in Sources */,
				DD9C87341EA7CD9900652B3B /* FinishViewController.swift in Sources */,
				DD9C87381EA7CDDE00652B3B /* ListTableViewController.swift in Sources */,
				DD9C86F61EA7C9D100652B3B /* AppDelegate.swift in Sources */,
				DD9C87321EA7CD6C00652B3B /* QuestionViewController.swift in Sources */,
			);
			runOnlyForDeploymentPostprocessing = 0;
		};
		DD9C87021EA7C9D100652B3B /* Sources */ = {
			isa = PBXSourcesBuildPhase;
			buildActionMask = 2147483647;
			files = (
				DD9C870B1EA7C9D100652B3B /* WordTests.swift in Sources */,
			);
			runOnlyForDeploymentPostprocessing = 0;
		};
		DD9C870D1EA7C9D100652B3B /* Sources */ = {
			isa = PBXSourcesBuildPhase;
			buildActionMask = 2147483647;
			files = (
				DD9C87161EA7C9D100652B3B /* WordUITests.swift in Sources */,
			);
			runOnlyForDeploymentPostprocessing = 0;
		};
/* End PBXSourcesBuildPhase section */

/* Begin PBXTargetDependency section */
		DD9C87081EA7C9D100652B3B /* PBXTargetDependency */ = {
			isa = PBXTargetDependency;
			target = DD9C86F11EA7C9D100652B3B /* Word */;
			targetProxy = DD9C87071EA7C9D100652B3B /* PBXContainerItemProxy */;
		};
		DD9C87131EA7C9D100652B3B /* PBXTargetDependency */ = {
			isa = PBXTargetDependency;
			target = DD9C86F11EA7C9D100652B3B /* Word */;
			targetProxy = DD9C87121EA7C9D100652B3B /* PBXContainerItemProxy */;
		};
/* End PBXTargetDependency section */

/* Begin PBXVariantGroup section */
		DD9C86F91EA7C9D100652B3B /* Main.storyboard */ = {
			isa = PBXVariantGroup;
			children = (
				DD9C86FA1EA7C9D100652B3B /* Base */,
			);
			name = Main.storyboard;
			sourceTree = "<group>";
		};
		DD9C86FE1EA7C9D100652B3B /* LaunchScreen.storyboard */ = {
			isa = PBXVariantGroup;
			children = (
				DD9C86FF1EA7C9D100652B3B /* Base */,
			);
			name = LaunchScreen.storyboard;
			sourceTree = "<group>";
		};
/* End PBXVariantGroup section */

/* Begin XCBuildConfiguration section */
		DD9C87181EA7C9D100652B3B /* Debug */ = {
			isa = XCBuildConfiguration;
			buildSettings = {
				ALWAYS_SEARCH_USER_PATHS = NO;
				CLANG_ANALYZER_NONNULL = YES;
				CLANG_ANALYZER_NUMBER_OBJECT_CONVERSION = YES_AGGRESSIVE;
				CLANG_CXX_LANGUAGE_STANDARD = "gnu++0x";
				CLANG_CXX_LIBRARY = "libc++";
				CLANG_ENABLE_MODULES = YES;
				CLANG_ENABLE_OBJC_ARC = YES;
				CLANG_WARN_BOOL_CONVERSION = YES;
				CLANG_WARN_CONSTANT_CONVERSION = YES;
				CLANG_WARN_DIRECT_OBJC_ISA_USAGE = YES_ERROR;
				CLANG_WARN_DOCUMENTATION_COMMENTS = YES;
				CLANG_WARN_EMPTY_BODY = YES;
				CLANG_WARN_ENUM_CONVERSION = YES;
				CLANG_WARN_INFINITE_RECURSION = YES;
				CLANG_WARN_INT_CONVERSION = YES;
				CLANG_WARN_OBJC_ROOT_CLASS = YES_ERROR;
				CLANG_WARN_SUSPICIOUS_MOVE = YES;
				CLANG_WARN_UNREACHABLE_CODE = YES;
				CLANG_WARN__DUPLICATE_METHOD_MATCH = YES;
				"CODE_SIGN_IDENTITY[sdk=iphoneos*]" = "iPhone Developer";
				COPY_PHASE_STRIP = NO;
				DEBUG_INFORMATION_FORMAT = dwarf;
				ENABLE_STRICT_OBJC_MSGSEND = YES;
				ENABLE_TESTABILITY = YES;
				GCC_C_LANGUAGE_STANDARD = gnu99;
				GCC_DYNAMIC_NO_PIC = NO;
				GCC_NO_COMMON_BLOCKS = YES;
				GCC_OPTIMIZATION_LEVEL = 0;
				GCC_PREPROCESSOR_DEFINITIONS = (
					"DEBUG=1",
					"$(inherited)",
				);
				GCC_WARN_64_TO_32_BIT_CONVERSION = YES;
				GCC_WARN_ABOUT_RETURN_TYPE = YES_ERROR;
				GCC_WARN_UNDECLARED_SELECTOR = YES;
				GCC_WARN_UNINITIALIZED_AUTOS = YES_AGGRESSIVE;
				GCC_WARN_UNUSED_FUNCTION = YES;
				GCC_WARN_UNUSED_VARIABLE = YES;
				IPHONEOS_DEPLOYMENT_TARGET = 10.3;
				MTL_ENABLE_DEBUG_INFO = YES;
				ONLY_ACTIVE_ARCH = YES;
				SDKROOT = iphoneos;
				SWIFT_ACTIVE_COMPILATION_CONDITIONS = DEBUG;
				SWIFT_OPTIMIZATION_LEVEL = "-Onone";
			};
			name = Debug;
		};
		DD9C87191EA7C9D100652B3B /* Release */ = {
			isa = XCBuildConfiguration;
			buildSettings = {
				ALWAYS_SEARCH_USER_PATHS = NO;
				CLANG_ANALYZER_NONNULL = YES;
				CLANG_ANALYZER_NUMBER_OBJECT_CONVERSION = YES_AGGRESSIVE;
				CLANG_CXX_LANGUAGE_STANDARD = "gnu++0x";
				CLANG_CXX_LIBRARY = "libc++";
				CLANG_ENABLE_MODULES = YES;
				CLANG_ENABLE_OBJC_ARC = YES;
				CLANG_WARN_BOOL_CONVERSION = YES;
				CLANG_WARN_CONSTANT_CONVERSION = YES;
				CLANG_WARN_DIRECT_OBJC_ISA_USAGE = YES_ERROR;
				CLANG_WARN_DOCUMENTATION_COMMENTS = YES;
				CLANG_WARN_EMPTY_BODY = YES;
				CLANG_WARN_ENUM_CONVERSION = YES;
				CLANG_WARN_INFINITE_RECURSION = YES;
				CLANG_WARN_INT_CONVERSION = YES;
				CLANG_WARN_OBJC_ROOT_CLASS = YES_ERROR;
				CLANG_WARN_SUSPICIOUS_MOVE = YES;
				CLANG_WARN_UNREACHABLE_CODE = YES;
				CLANG_WARN__DUPLICATE_METHOD_MATCH = YES;
				"CODE_SIGN_IDENTITY[sdk=iphoneos*]" = "iPhone Developer";
				COPY_PHASE_STRIP = NO;
				DEBUG_INFORMATION_FORMAT = "dwarf-with-dsym";
				ENABLE_NS_ASSERTIONS = NO;
				ENABLE_STRICT_OBJC_MSGSEND = YES;
				GCC_C_LANGUAGE_STANDARD = gnu99;
				GCC_NO_COMMON_BLOCKS = YES;
				GCC_WARN_64_TO_32_BIT_CONVERSION = YES;
				GCC_WARN_ABOUT_RETURN_TYPE = YES_ERROR;
				GCC_WARN_UNDECLARED_SELECTOR = YES;
				GCC_WARN_UNINITIALIZED_AUTOS = YES_AGGRESSIVE;
				GCC_WARN_UNUSED_FUNCTION = YES;
				GCC_WARN_UNUSED_VARIABLE = YES;
				IPHONEOS_DEPLOYMENT_TARGET = 10.3;
				MTL_ENABLE_DEBUG_INFO = NO;
				SDKROOT = iphoneos;
				SWIFT_OPTIMIZATION_LEVEL = "-Owholemodule";
				VALIDATE_PRODUCT = YES;
			};
			name = Release;
		};
		DD9C871B1EA7C9D100652B3B /* Debug */ = {
			isa = XCBuildConfiguration;
			buildSettings = {
				ASSETCATALOG_COMPILER_APPICON_NAME = AppIcon;
				INFOPLIST_FILE = Word/Info.plist;
				LD_RUNPATH_SEARCH_PATHS = "$(inherited) @executable_path/Frameworks";
				PRODUCT_BUNDLE_IDENTIFIER = com.yanagimoto.Word;
				PRODUCT_NAME = "$(TARGET_NAME)";
				SWIFT_VERSION = 3.0;
			};
			name = Debug;
		};
		DD9C871C1EA7C9D100652B3B /* Release */ = {
			isa = XCBuildConfiguration;
			buildSettings = {
				ASSETCATALOG_COMPILER_APPICON_NAME = AppIcon;
				INFOPLIST_FILE = Word/Info.plist;
				LD_RUNPATH_SEARCH_PATHS = "$(inherited) @executable_path/Frameworks";
				PRODUCT_BUNDLE_IDENTIFIER = com.yanagimoto.Word;
				PRODUCT_NAME = "$(TARGET_NAME)";
				SWIFT_VERSION = 3.0;
			};
			name = Release;
		};
		DD9C871E1EA7C9D100652B3B /* Debug */ = {
			isa = XCBuildConfiguration;
			buildSettings = {
				ALWAYS_EMBED_SWIFT_STANDARD_LIBRARIES = YES;
				BUNDLE_LOADER = "$(TEST_HOST)";
				INFOPLIST_FILE = WordTests/Info.plist;
				LD_RUNPATH_SEARCH_PATHS = "$(inherited) @executable_path/Frameworks @loader_path/Frameworks";
				PRODUCT_BUNDLE_IDENTIFIER = com.yanagimoto.WordTests;
				PRODUCT_NAME = "$(TARGET_NAME)";
				SWIFT_VERSION = 3.0;
				TEST_HOST = "$(BUILT_PRODUCTS_DIR)/Word.app/Word";
			};
			name = Debug;
		};
		DD9C871F1EA7C9D100652B3B /* Release */ = {
			isa = XCBuildConfiguration;
			buildSettings = {
				ALWAYS_EMBED_SWIFT_STANDARD_LIBRARIES = YES;
				BUNDLE_LOADER = "$(TEST_HOST)";
				INFOPLIST_FILE = WordTests/Info.plist;
				LD_RUNPATH_SEARCH_PATHS = "$(inherited) @executable_path/Frameworks @loader_path/Frameworks";
				PRODUCT_BUNDLE_IDENTIFIER = com.yanagimoto.WordTests;
				PRODUCT_NAME = "$(TARGET_NAME)";
				SWIFT_VERSION = 3.0;
				TEST_HOST = "$(BUILT_PRODUCTS_DIR)/Word.app/Word";
			};
			name = Release;
		};
		DD9C87211EA7C9D100652B3B /* Debug */ = {
			isa = XCBuildConfiguration;
			buildSettings = {
				ALWAYS_EMBED_SWIFT_STANDARD_LIBRARIES = YES;
				INFOPLIST_FILE = WordUITests/Info.plist;
				LD_RUNPATH_SEARCH_PATHS = "$(inherited) @executable_path/Frameworks @loader_path/Frameworks";
				PRODUCT_BUNDLE_IDENTIFIER = com.yanagimoto.WordUITests;
				PRODUCT_NAME = "$(TARGET_NAME)";
				SWIFT_VERSION = 3.0;
				TEST_TARGET_NAME = Word;
			};
			name = Debug;
		};
		DD9C87221EA7C9D100652B3B /* Release */ = {
			isa = XCBuildConfiguration;
			buildSettings = {
				ALWAYS_EMBED_SWIFT_STANDARD_LIBRARIES = YES;
				INFOPLIST_FILE = WordUITests/Info.plist;
				LD_RUNPATH_SEARCH_PATHS = "$(inherited) @executable_path/Frameworks @loader_path/Frameworks";
				PRODUCT_BUNDLE_IDENTIFIER = com.yanagimoto.WordUITests;
				PRODUCT_NAME = "$(TARGET_NAME)";
				SWIFT_VERSION = 3.0;
				TEST_TARGET_NAME = Word;
			};
			name = Release;
		};
/* End XCBuildConfiguration section */

/* Begin XCConfigurationList section */
		DD9C86ED1EA7C9D000652B3B /* Build configuration list for PBXProject "Word" */ = {
			isa = XCConfigurationList;
			buildConfigurations = (
				DD9C87181EA7C9D100652B3B /* Debug */,
				DD9C87191EA7C9D100652B3B /* Release */,
			);
			defaultConfigurationIsVisible = 0;
			defaultConfigurationName = Release;
		};
		DD9C871A1EA7C9D100652B3B /* Build configuration list for PBXNativeTarget "Word" */ = {
			isa = XCConfigurationList;
			buildConfigurations = (
				DD9C871B1EA7C9D100652B3B /* Debug */,
				DD9C871C1EA7C9D100652B3B /* Release */,
			);
			defaultConfigurationIsVisible = 0;
			defaultConfigurationName = Release;
		};
		DD9C871D1EA7C9D100652B3B /* Build configuration list for PBXNativeTarget "WordTests" */ = {
			isa = XCConfigurationList;
			buildConfigurations = (
				DD9C871E1EA7C9D100652B3B /* Debug */,
				DD9C871F1EA7C9D100652B3B /* Release */,
			);
			defaultConfigurationIsVisible = 0;
			defaultConfigurationName = Release;
		};
		DD9C87201EA7C9D100652B3B /* Build configuration list for PBXNativeTarget "WordUITests" */ = {
			isa = XCConfigurationList;
			buildConfigurations = (
				DD9C87211EA7C9D100652B3B /* Debug */,
				DD9C87221EA7C9D100652B3B /* Release */,
			);
			defaultConfigurationIsVisible = 0;
			defaultConfigurationName = Release;
		};
/* End XCConfigurationList section */
	};
	rootObject = DD9C86EA1EA7C9D000652B3B /* Project object */;
}
